{
  "name": "practice-1",
  "version": "1.0.0",
  "lockfileVersion": 1,
  "requires": true,
  "dependencies": {
    "wabt": {
      "version": "1.0.10",
      "resolved": "https://registry.npmjs.org/wabt/-/wabt-1.0.10.tgz",
      "integrity": "sha512-UvxeSXiXLqw0NTMgGAJPm0GrToFDb062zen/QEOs55lVLLj7vi+ZRC90u6/1LSbyLGFKJndAGYF4hVkIeFFmtw=="
    }
  }
}
